
Microsoft Visual Studio Solution File, Format Version 12.00
# Visual Studio Version 16
VisualStudioVersion = 16.0.33423.256
MinimumVisualStudioVersion = 10.0.40219.1
Project("{9A19103F-16F7-4668-BE54-9A1E7A4F7556}") = "ShopOnlineSmart.WebApp", "ShopOnlineSmart\ShopOnlineSmart.WebApp.csproj", "{4132D479-F89E-48A6-BCDC-FC329023DA20}"
EndProject
Project("{9A19103F-16F7-4668-BE54-9A1E7A4F7556}") = "ShopOnlineSmart.Data", "ShopOnlineSmart.Data\ShopOnlineSmart.Data.csproj", "{1AFBC8F4-D895-4FD6-B4EA-6F806AD2E144}"
EndProject
Project("{9A19103F-16F7-4668-BE54-9A1E7A4F7556}") = "ShopOnlineSmart.Application", "ShopOnlineSmart.Application\ShopOnlineSmart.Application.csproj", "{60196839-8A7F-4008-9CE5-D129ABD85A90}"
EndProject
Global
	GlobalSection(SolutionConfigurationPlatforms) = preSolution
		Debug|Any CPU = Debug|Any CPU
		Release|Any CPU = Release|Any CPU
	EndGlobalSection
	GlobalSection(ProjectConfigurationPlatforms) = postSolution
		{4132D479-F89E-48A6-BCDC-FC329023DA20}.Debug|Any CPU.ActiveCfg = Debug|Any CPU
		{4132D479-F89E-48A6-BCDC-FC329023DA20}.Debug|Any CPU.Build.0 = Debug|Any CPU
		{4132D479-F89E-48A6-BCDC-FC329023DA20}.Release|Any CPU.ActiveCfg = Release|Any CPU
		{4132D479-F89E-48A6-BCDC-FC329023DA20}.Release|Any CPU.Build.0 = Release|Any CPU
		{1AFBC8F4-D895-4FD6-B4EA-6F806AD2E144}.Debug|Any CPU.ActiveCfg = Debug|Any CPU
		{1AFBC8F4-D895-4FD6-B4EA-6F806AD2E144}.Debug|Any CPU.Build.0 = Debug|Any CPU
		{1AFBC8F4-D895-4FD6-B4EA-6F806AD2E144}.Release|Any CPU.ActiveCfg = Release|Any CPU
		{1AFBC8F4-D895-4FD6-B4EA-6F806AD2E144}.Release|Any CPU.Build.0 = Release|Any CPU
		{60196839-8A7F-4008-9CE5-D129ABD85A90}.Debug|Any CPU.ActiveCfg = Debug|Any CPU
		{60196839-8A7F-4008-9CE5-D129ABD85A90}.Debug|Any CPU.Build.0 = Debug|Any CPU
		{60196839-8A7F-4008-9CE5-D129ABD85A90}.Release|Any CPU.ActiveCfg = Release|Any CPU
		{60196839-8A7F-4008-9CE5-D129ABD85A90}.Release|Any CPU.Build.0 = Release|Any CPU
	EndGlobalSection
	GlobalSection(SolutionProperties) = preSolution
		HideSolutionNode = FALSE
	EndGlobalSection
	GlobalSection(ExtensibilityGlobals) = postSolution
		SolutionGuid = {6B2B062A-D5C5-4187-B97F-4BF8D7E1968C}
	EndGlobalSection
EndGlobal
